// !$*UTF8*$!
{
	archiveVersion = 1;
	classes = {
	};
	objectVersion = 50;
	objects = {

/* Begin PBXBuildFile section */
		3654F51A265F6FE9007F470C /* DetailVC.swift in Sources */ = {isa = PBXBuildFile; fileRef = 3654F519265F6FE9007F470C /* DetailVC.swift */; };
		3654F51D265F74BB007F470C /* user.png in Resources */ = {isa = PBXBuildFile; fileRef = 3654F51C265F74BB007F470C /* user.png */; };
		36FCB265265EC3D500D4265C /* AppDelegate.swift in Sources */ = {isa = PBXBuildFile; fileRef = 36FCB264265EC3D500D4265C /* AppDelegate.swift */; };
		36FCB267265EC3D500D4265C /* SceneDelegate.swift in Sources */ = {isa = PBXBuildFile; fileRef = 36FCB266265EC3D500D4265C /* SceneDelegate.swift */; };
		36FCB269265EC3D500D4265C /* ViewController.swift in Sources */ = {isa = PBXBuildFile; fileRef = 36FCB268265EC3D500D4265C /* ViewController.swift */; };
		36FCB26C265EC3D500D4265C /* Main.storyboard in Resources */ = {isa = PBXBuildFile; fileRef = 36FCB26A265EC3D500D4265C /* Main.storyboard */; };
		36FCB26E265EC3D700D4265C /* Assets.xcassets in Resources */ = {isa = PBXBuildFile; fileRef = 36FCB26D265EC3D700D4265C /* Assets.xcassets */; };
		36FCB271265EC3D700D4265C /* LaunchScreen.storyboard in Resources */ = {isa = PBXBuildFile; fileRef = 36FCB26F265EC3D700D4265C /* LaunchScreen.storyboard */; };
/* End PBXBuildFile section */

/* Begin PBXFileReference section */
		3654F519265F6FE9007F470C /* DetailVC.swift */ = {isa = PBXFileReference; lastKnownFileType = sourcecode.swift; path = DetailVC.swift; sourceTree = "<group>"; };
		3654F51C265F74BB007F470C /* user.png */ = {isa = PBXFileReference; lastKnownFileType = image.png; path = user.png; sourceTree = "<group>"; };
		36FCB261265EC3D500D4265C /* DsgDemo.app */ = {isa = PBXFileReference; explicitFileType = wrapper.application; includeInIndex = 0; path = DsgDemo.app; sourceTree = BUILT_PRODUCTS_DIR; };
		36FCB264265EC3D500D4265C /* AppDelegate.swift */ = {isa = PBXFileReference; lastKnownFileType = sourcecode.swift; path = AppDelegate.swift; sourceTree = "<group>"; };
		36FCB266265EC3D500D4265C /* SceneDelegate.swift */ = {isa = PBXFileReference; lastKnownFileType = sourcecode.swift; path = SceneDelegate.swift; sourceTree = "<group>"; };
		36FCB268265EC3D500D4265C /* ViewController.swift */ = {isa = PBXFileReference; lastKnownFileType = sourcecode.swift; path = ViewController.swift; sourceTree = "<group>"; };
		36FCB26B265EC3D500D4265C /* Base */ = {isa = PBXFileReference; lastKnownFileType = file.storyboard; name = Base; path = Base.lproj/Main.storyboard; sourceTree = "<group>"; };
		36FCB26D265EC3D700D4265C /* Assets.xcassets */ = {isa = PBXFileReference; lastKnownFileType = folder.assetcatalog; path = Assets.xcassets; sourceTree = "<group>"; };
		36FCB270265EC3D700D4265C /* Base */ = {isa = PBXFileReference; lastKnownFileType = file.storyboard; name = Base; path = Base.lproj/LaunchScreen.storyboard; sourceTree = "<group>"; };
		36FCB272265EC3D700D4265C /* Info.plist */ = {isa = PBXFileReference; lastKnownFileType = text.plist.xml; path = Info.plist; sourceTree = "<group>"; };
/* End PBXFileReference section */

/* Begin PBXFrameworksBuildPhase section */
		36FCB25E265EC3D500D4265C /* Frameworks */ = {
			isa = PBXFrameworksBuildPhase;
			buildActionMask = 2147483647;
			files = (
			);
			runOnlyForDeploymentPostprocessing = 0;
		};
/* End PBXFrameworksBuildPhase section */

/* Begin PBXGroup section */
		36FCB258265EC3D500D4265C = {
			isa = PBXGroup;
			children = (
				36FCB263265EC3D500D4265C /* DsgDemo */,
				36FCB262265EC3D500D4265C /* Products */,
			);
			sourceTree = "<group>";
		};
		36FCB262265EC3D500D4265C /* Products */ = {
			isa = PBXGroup;
			children = (
				36FCB261265EC3D500D4265C /* DsgDemo.app */,
			);
			name = Products;
			sourceTree = "<group>";
		};
		36FCB263265EC3D500D4265C /* DsgDemo */ = {
			isa = PBXGroup;
			children = (
				36FCB264265EC3D500D4265C /* AppDelegate.swift */,
				36FCB266265EC3D500D4265C /* SceneDelegate.swift */,
				36FCB268265EC3D500D4265C /* ViewController.swift */,
				36FCB26A265EC3D500D4265C /* Main.storyboard */,
				36FCB26D265EC3D700D4265C /* Assets.xcassets */,
				3654F51C265F74BB007F470C /* user.png */,
				36FCB26F265EC3D700D4265C /* LaunchScreen.storyboard */,
				36FCB272265EC3D700D4265C /* Info.plist */,
				3654F519265F6FE9007F470C /* DetailVC.swift */,
			);
			path = DsgDemo;
			sourceTree = "<group>";
		};
/* End PBXGroup section */

/* Begin PBXNativeTarget section */
		36FCB260265EC3D500D4265C /* DsgDemo */ = {
			isa = PBXNativeTarget;
			buildConfigurationList = 36FCB275265EC3D700D4265C /* Build configuration list for PBXNativeTarget "DsgDemo" */;
			buildPhases = (
				36FCB25D265EC3D500D4265C /* Sources */,
				36FCB25E265EC3D500D4265C /* Frameworks */,
				36FCB25F265EC3D500D4265C /* Resources */,
			);
			buildRules = (
			);
			dependencies = (
			);
			name = DsgDemo;
			productName = simpsonsviewer;
			productReference = 36FCB261265EC3D500D4265C /* DsgDemo.app */;
			productType = "com.apple.product-type.application";
		};
/* End PBXNativeTarget section */

/* Begin PBXProject section */
		36FCB259265EC3D500D4265C /* Project object */ = {
			isa = PBXProject;
			attributes = {
				LastSwiftUpdateCheck = 1240;
				LastUpgradeCheck = 1240;
				TargetAttributes = {
					36FCB260265EC3D500D4265C = {
						CreatedOnToolsVersion = 12.4;
					};
				};
			};
			buildConfigurationList = 36FCB25C265EC3D500D4265C /* Build configuration list for PBXProject "DsgDemo" */;
			compatibilityVersion = "Xcode 9.3";
			developmentRegion = en;
			hasScannedForEncodings = 0;
			knownRegions = (
				en,
				Base,
			);
			mainGroup = 36FCB258265EC3D500D4265C;
			productRefGroup = 36FCB262265EC3D500D4265C /* Products */;
			projectDirPath = "";
			projectRoot = "";
			targets = (
				36FCB260265EC3D500D4265C /* DsgDemo */,
			);
		};
/* End PBXProject section */

/* Begin PBXResourcesBuildPhase section */
		36FCB25F265EC3D500D4265C /* Resources */ = {
			isa = PBXResourcesBuildPhase;
			buildActionMask = 2147483647;
			files = (
				36FCB271265EC3D700D4265C /* LaunchScreen.storyboard in Resources */,
				36FCB26E265EC3D700D4265C /* Assets.xcassets in Resources */,
				3654F51D265F74BB007F470C /* user.png in Resources */,
				36FCB26C265EC3D500D4265C /* Main.storyboard in Resources */,
			);
			runOnlyForDeploymentPostprocessing = 0;
		};
/* End PBXResourcesBuildPhase section */

/* Begin PBXSourcesBuildPhase section */
		36FCB25D265EC3D500D4265C /* Sources */ = {
			isa = PBXSourcesBuildPhase;
			buildActionMask = 2147483647;
			files = (
				36FCB269265EC3D500D4265C /* ViewController.swift in Sources */,
				3654F51A265F6FE9007F470C /* DetailVC.swift in Sources */,
				36FCB265265EC3D500D4265C /* AppDelegate.swift in Sources */,
				36FCB267265EC3D500D4265C /* SceneDelegate.swift in Sources */,
			);
			runOnlyForDeploymentPostprocessing = 0;
		};
/* End PBXSourcesBuildPhase section */

/* Begin PBXVariantGroup section */
		36FCB26A265EC3D500D4265C /* Main.storyboard */ = {
			isa = PBXVariantGroup;
			children = (
				36FCB26B265EC3D500D4265C /* Base */,
			);
			name = Main.storyboard;
			sourceTree = "<group>";
		};
		36FCB26F265EC3D700D4265C /* LaunchScreen.storyboard */ = {
			isa = PBXVariantGroup;
			children = (
				36FCB270265EC3D700D4265C /* Base */,
			);
			name = LaunchScreen.storyboard;
			sourceTree = "<group>";
		};
/* End PBXVariantGroup section */

/* Begin XCBuildConfiguration section */
		36FCB273265EC3D700D4265C /* Debug */ = {
			isa = XCBuildConfiguration;
			buildSettings = {
				ALWAYS_SEARCH_USER_PATHS = NO;
				CLANG_ANALYZER_NONNULL = YES;
				CLANG_ANALYZER_NUMBER_OBJECT_CONVERSION = YES_AGGRESSIVE;
				CLANG_CXX_LANGUAGE_STANDARD = "gnu++14";
				CLANG_CXX_LIBRARY = "libc++";
				CLANG_ENABLE_MODULES = YES;
				CLANG_ENABLE_OBJC_ARC = YES;
				CLANG_ENABLE_OBJC_WEAK = YES;
				CLANG_WARN_BLOCK_CAPTURE_AUTORELEASING = YES;
				CLANG_WARN_BOOL_CONVERSION = YES;
				CLANG_WARN_COMMA = YES;
				CLANG_WARN_CONSTANT_CONVERSION = YES;
				CLANG_WARN_DEPRECATED_OBJC_IMPLEMENTATIONS = YES;
				CLANG_WARN_DIRECT_OBJC_ISA_USAGE = YES_ERROR;
				CLANG_WARN_DOCUMENTATION_COMMENTS = YES;
				CLANG_WARN_EMPTY_BODY = YES;
				CLANG_WARN_ENUM_CONVERSION = YES;
				CLANG_WARN_INFINITE_RECURSION = YES;
				CLANG_WARN_INT_CONVERSION = YES;
				CLANG_WARN_NON_LITERAL_NULL_CONVERSION = YES;
				CLANG_WARN_OBJC_IMPLICIT_RETAIN_SELF = YES;
				CLANG_WARN_OBJC_LITERAL_CONVERSION = YES;
				CLANG_WARN_OBJC_ROOT_CLASS = YES_ERROR;
				CLANG_WARN_QUOTED_INCLUDE_IN_FRAMEWORK_HEADER = YES;
				CLANG_WARN_RANGE_LOOP_ANALYSIS = YES;
				CLANG_WARN_STRICT_PROTOTYPES = YES;
				CLANG_WARN_SUSPICIOUS_MOVE = YES;
				CLANG_WARN_UNGUARDED_AVAILABILITY = YES_AGGRESSIVE;
				CLANG_WARN_UNREACHABLE_CODE = YES;
				CLANG_WARN__DUPLICATE_METHOD_MATCH = YES;
				COPY_PHASE_STRIP = NO;
				DEBUG_INFORMATION_FORMAT = dwarf;
				ENABLE_STRICT_OBJC_MSGSEND = YES;
				ENABLE_TESTABILITY = YES;
				GCC_C_LANGUAGE_STANDARD = gnu11;
				GCC_DYNAMIC_NO_PIC = NO;
				GCC_NO_COMMON_BLOCKS = YES;
				GCC_OPTIMIZATION_LEVEL = 0;
				GCC_PREPROCESSOR_DEFINITIONS = (
					"DEBUG=1",
					"$(inherited)",
				);
				GCC_WARN_64_TO_32_BIT_CONVERSION = YES;
				GCC_WARN_ABOUT_RETURN_TYPE = YES_ERROR;
				GCC_WARN_UNDECLARED_SELECTOR = YES;
				GCC_WARN_UNINITIALIZED_AUTOS = YES_AGGRESSIVE;
				GCC_WARN_UNUSED_FUNCTION = YES;
				GCC_WARN_UNUSED_VARIABLE = YES;
				IPHONEOS_DEPLOYMENT_TARGET = 14.4;
				MTL_ENABLE_DEBUG_INFO = INCLUDE_SOURCE;
				MTL_FAST_MATH = YES;
				ONLY_ACTIVE_ARCH = YES;
				SDKROOT = iphoneos;
				SWIFT_ACTIVE_COMPILATION_CONDITIONS = DEBUG;
				SWIFT_OPTIMIZATION_LEVEL = "-Onone";
			};
			name = Debug;
		};
		36FCB274265EC3D700D4265C /* Release */ = {
			isa = XCBuildConfiguration;
			buildSettings = {
				ALWAYS_SEARCH_USER_PATHS = NO;
				CLANG_ANALYZER_NONNULL = YES;
				CLANG_ANALYZER_NUMBER_OBJECT_CONVERSION = YES_AGGRESSIVE;
				CLANG_CXX_LANGUAGE_STANDARD = "gnu++14";
				CLANG_CXX_LIBRARY = "libc++";
				CLANG_ENABLE_MODULES = YES;
				CLANG_ENABLE_OBJC_ARC = YES;
				CLANG_ENABLE_OBJC_WEAK = YES;
				CLANG_WARN_BLOCK_CAPTURE_AUTORELEASING = YES;
				CLANG_WARN_BOOL_CONVERSION = YES;
				CLANG_WARN_COMMA = YES;
				CLANG_WARN_CONSTANT_CONVERSION = YES;
				CLANG_WARN_DEPRECATED_OBJC_IMPLEMENTATIONS = YES;
				CLANG_WARN_DIRECT_OBJC_ISA_USAGE = YES_ERROR;
				CLANG_WARN_DOCUMENTATION_COMMENTS = YES;
				CLANG_WARN_EMPTY_BODY = YES;
				CLANG_WARN_ENUM_CONVERSION = YES;
				CLANG_WARN_INFINITE_RECURSION = YES;
				CLANG_WARN_INT_CONVERSION = YES;
				CLANG_WARN_NON_LITERAL_NULL_CONVERSION = YES;
				CLANG_WARN_OBJC_IMPLICIT_RETAIN_SELF = YES;
				CLANG_WARN_OBJC_LITERAL_CONVERSION = YES;
				CLANG_WARN_OBJC_ROOT_CLASS = YES_ERROR;
				CLANG_WARN_QUOTED_INCLUDE_IN_FRAMEWORK_HEADER = YES;
				CLANG_WARN_RANGE_LOOP_ANALYSIS = YES;
				CLANG_WARN_STRICT_PROTOTYPES = YES;
				CLANG_WARN_SUSPICIOUS_MOVE = YES;
				CLANG_WARN_UNGUARDED_AVAILABILITY = YES_AGGRESSIVE;
				CLANG_WARN_UNREACHABLE_CODE = YES;
				CLANG_WARN__DUPLICATE_METHOD_MATCH = YES;
				COPY_PHASE_STRIP = NO;
				DEBUG_INFORMATION_FORMAT = "dwarf-with-dsym";
				ENABLE_NS_ASSERTIONS = NO;
				ENABLE_STRICT_OBJC_MSGSEND = YES;
				GCC_C_LANGUAGE_STANDARD = gnu11;
				GCC_NO_COMMON_BLOCKS = YES;
				GCC_WARN_64_TO_32_BIT_CONVERSION = YES;
				GCC_WARN_ABOUT_RETURN_TYPE = YES_ERROR;
				GCC_WARN_UNDECLARED_SELECTOR = YES;
				GCC_WARN_UNINITIALIZED_AUTOS = YES_AGGRESSIVE;
				GCC_WARN_UNUSED_FUNCTION = YES;
				GCC_WARN_UNUSED_VARIABLE = YES;
				IPHONEOS_DEPLOYMENT_TARGET = 14.4;
				MTL_ENABLE_DEBUG_INFO = NO;
				MTL_FAST_MATH = YES;
				SDKROOT = iphoneos;
				SWIFT_COMPILATION_MODE = wholemodule;
				SWIFT_OPTIMIZATION_LEVEL = "-O";
				VALIDATE_PRODUCT = YES;
			};
			name = Release;
		};
		36FCB276265EC3D700D4265C /* Debug */ = {
			isa = XCBuildConfiguration;
			buildSettings = {
				ASSETCATALOG_COMPILER_APPICON_NAME = AppIcon;
				ASSETCATALOG_COMPILER_GLOBAL_ACCENT_COLOR_NAME = AccentColor;
				CODE_SIGN_STYLE = Automatic;
				DEVELOPMENT_TEAM = CSRWN5S42P;
				INFOPLIST_FILE = "$(SRCROOT)/DsgDemo/Info.plist";
				LD_RUNPATH_SEARCH_PATHS = (
					"$(inherited)",
					"@executable_path/Frameworks",
				);
				PRODUCT_BUNDLE_IDENTIFIER = com.sample.DsgDemo;
				PRODUCT_NAME = "$(TARGET_NAME)";
				SWIFT_VERSION = 5.0;
				TARGETED_DEVICE_FAMILY = "1,2";
			};
			name = Debug;
		};
		36FCB277265EC3D700D4265C /* Release */ = {
			isa = XCBuildConfiguration;
			buildSettings = {
				ASSETCATALOG_COMPILER_APPICON_NAME = AppIcon;
				ASSETCATALOG_COMPILER_GLOBAL_ACCENT_COLOR_NAME = AccentColor;
				CODE_SIGN_STYLE = Automatic;
				DEVELOPMENT_TEAM = CSRWN5S42P;
				INFOPLIST_FILE = "$(SRCROOT)/DsgDemo/Info.plist";
				LD_RUNPATH_SEARCH_PATHS = (
					"$(inherited)",
					"@executable_path/Frameworks",
				);
				PRODUCT_BUNDLE_IDENTIFIER = com.sample.DsgDemo;
				PRODUCT_NAME = "$(TARGET_NAME)";
				SWIFT_VERSION = 5.0;
				TARGETED_DEVICE_FAMILY = "1,2";
			};
			name = Release;
		};
/* End XCBuildConfiguration section */

/* Begin XCConfigurationList section */
		36FCB25C265EC3D500D4265C /* Build configuration list for PBXProject "DsgDemo" */ = {
			isa = XCConfigurationList;
			buildConfigurations = (
				36FCB273265EC3D700D4265C /* Debug */,
				36FCB274265EC3D700D4265C /* Release */,
			);
			defaultConfigurationIsVisible = 0;
			defaultConfigurationName = Release;
		};
		36FCB275265EC3D700D4265C /* Build configuration list for PBXNativeTarget "DsgDemo" */ = {
			isa = XCConfigurationList;
			buildConfigurations = (
				36FCB276265EC3D700D4265C /* Debug */,
				36FCB277265EC3D700D4265C /* Release */,
			);
			defaultConfigurationIsVisible = 0;
			defaultConfigurationName = Release;
		};
/* End XCConfigurationList section */
	};
	rootObject = 36FCB259265EC3D500D4265C /* Project object */;
}
